github.com/aws/aws-lambda-go v1.34.1 h1:M3a/uFYBjii+tDcOJ0wL/WyFi2550FHoECdPf27zvOs=
github.com/aws/aws-lambda-go v1.34.1/go.mod h1:jwFe2KmMsHmffA1X2R09hH6lFzJQxzI8qK17ewzbQMM=
github.com/aws/aws-sdk-go-v2 v1.16.8/go.mod h1:6CpKuLXg2w7If3ABZCl/qZ6rEgwtjZTn4eAf4RcEyuw=
github.com/aws/aws-sdk-go-v2 v1.16.11 h1:xM1ZPSvty3xVmdxiGr7ay/wlqv+MWhH0rMlyLdbC0YQ=
github.com/aws/aws-sdk-go-v2 v1.16.11/go.mod h1:WTACcleLz6VZTp7fak4EO5b9Q4foxbn+8PIz3PmyKlo=
github.com/aws/aws-sdk-go-v2/aws/protocol/eventstream v1.4.4 h1:zfT11pa7ifu/VlLDpmc5OY2W4nYmnKkFDGeMVnmqAI0=
github.com/aws/aws-sdk-go-v2/aws/protocol/eventstream v1.4.4/go.mod h1:ES0I1GBs+YYgcDS1ek47Erbn4TOL811JKqBXtgzqyZ8=
github.com/aws/aws-sdk-go-v2/config v1.17.1 h1:BWxTjokU/69BZ4DnLrZco6OvBDii6ToEdfBL/y5I1nA=
github.com/aws/aws-sdk-go-v2/config v1.17.1/go.mod h1:uOxDHjBemNTF2Zos+fgG0NNfE86wn1OAHDTGxjMEYi0=
github.com/aws/aws-sdk-go-v2/credentials v1.12.14 h1:AtVG/amkjbDBfnPr/tuW2IG18HGNznP6L12Dx0rLz+Q=
github.com/aws/aws-sdk-go-v2/credentials v1.12.14/go.mod h1:opAndTyq+YN7IpVG57z2CeNuXSQMqTYxGGlYH0m0RMY=
github.com/aws/aws-sdk-go-v2/feature/ec2/imds v1.12.12 h1:wgJBHO58Pc1V1QAnzdVM3JK3WbE/6eUF0JxCZ+/izz0=
github.com/aws/aws-sdk-go-v2/feature/ec2/imds v1.12.12/go.mod h1:aZ4vZnyUuxedC7eD4JyEHpGnCz+O2sHQEx3VvAwklSE=
github.com/aws/aws-sdk-go-v2/feature/s3/manager v1.11.27 h1:xFXIMBci0UXStoOHq/8w0XIZPB2hgb9CD7uATJhqt10=
github.com/aws/aws-sdk-go-v2/feature/s3/manager v1.11.27/go.mod h1:+tj2cHQkChanggNZn1J2fJ1Cv6RO1TV0AA3472do31I=
github.com/aws/aws-sdk-go-v2/internal/configsources v1.1.15/go.mod h1:pWrr2OoHlT7M/Pd2y4HV3gJyPb3qj5qMmnPkKSNPYK4=
github.com/aws/aws-sdk-go-v2/internal/configsources v1.1.18 h1:OmiwoVyLKEqqD5GvB683dbSqxiOfvx4U2lDZhG2Esc4=
github.com/aws/aws-sdk-go-v2/internal/configsources v1.1.18/go.mod h1:348MLhzV1GSlZSMusdwQpXKbhD7X2gbI/TxwAPKkYZQ=
github.com/aws/aws-sdk-go-v2/internal/endpoints/v2 v2.4.9/go.mod h1:08tUpeSGN33QKSO7fwxXczNfiwCpbj+GxK6XKwqWVv0=
github.com/aws/aws-sdk-go-v2/internal/endpoints/v2 v2.4.12 h1:5mvQDtNWtI6H56+E4LUnLWEmATMB7oEh+Z9RurtIuC0=
github.com/aws/aws-sdk-go-v2/internal/endpoints/v2 v2.4.12/go.mod h1:ckaCVTEdGAxO6KwTGzgskxR1xM+iJW4lxMyDFVda2Fc=
github.com/aws/aws-sdk-go-v2/internal/ini v1.3.19 h1:g5qq9sgtEzt2szMaDqQO6fqKe026T6dHTFJp5NsPzkQ=
github.com/aws/aws-sdk-go-v2/internal/ini v1.3.19/go.mod h1:cVHo8KTuHjShb9V8/VjH3S/8+xPu16qx8fdGwmotJhE=
github.com/aws/aws-sdk-go-v2/internal/v4a v1.0.6/go.mod h1:O7Oc4peGZDEKlddivslfYFvAbgzvl/GH3J8j3JIGBXc=
github.com/aws/aws-sdk-go-v2/internal/v4a v1.0.9 h1:agLpf3vtYX1rtKTrOGpevdP3iC2W0hKDmzmhhxJzL+A=
github.com/aws/aws-sdk-go-v2/internal/v4a v1.0.9/go.mod h1:cv+n1mdyh+0B8tAtlEBzTYFA2Uv15SISEn6kabYhIgE=
github.com/aws/aws-sdk-go-v2/service/apigateway v1.15.11 h1:dLu3dF3ruiSZsG+in4ZzZWL3F7w4TeOX/F257qE2mT0=
github.com/aws/aws-sdk-go-v2/service/apigateway v1.15.11/go.mod h1:Hb+D/fjqxVd1jAkIjTZF8Cg540F3E4YK5Uu4unA3rS0=
github.com/aws/aws-sdk-go-v2/service/apigatewayv2 v1.12.9 h1:MkWoCyvIqAhaMO+LTSFag8s0wd6zV6Pd+X0urDKn2I8=
github.com/aws/aws-sdk-go-v2/service/apigatewayv2 v1.12.9/go.mod h1:Va1mvuuqN0pejuszzc1nMPAsqGbIqIxBowdXzPYR9Gw=
github.com/aws/aws-sdk-go-v2/service/cloudfront v1.18.5 h1:MWmwy+Py1HXLNILagezUP9JPEV4CS33tU8xTJR65vMY=
github.com/aws/aws-sdk-go-v2/service/cloudfront v1.18.5/go.mod h1:xi7heuDU7iKWmWhvGCpsEvBko0NylAm4cmiJoxJKv9w=
github.com/aws/aws-sdk-go-v2/service/cognitoidentityprovider v1.18.0 h1:28SBqwUeb5rtm3A/d4c1OmMS4uiJkfUgqPZZ96hGamw=
github.com/aws/aws-sdk-go-v2/service/cognitoidentityprovider v1.18.0/go.mod h1:aOBqe2KdUYLkRSVrR2qnzg8yJx39pxLY2i6im1+oPY0=
github.com/aws/aws-sdk-go-v2/service/dynamodb v1.15.10 h1:GLklbtMUQCToju09LyT+AjbwTQ0KCQudNLTA0H2xbBk=
github.com/aws/aws-sdk-go-v2/service/dynamodb v1.15.10/go.mod h1:zM5dQf0mZfcW4s8OsJFXvzedbY5n1rO581X4xei6XcA=
github.com/aws/aws-sdk-go-v2/service/ec2 v1.54.0 h1:HHNQOm9KchjgPsQLfag09xlfCMR4fi14CPES3AFKzyE=
github.com/aws/aws-sdk-go-v2/service/ec2 v1.54.0/go.mod h1:YbPg6ou7dlvFTJMmbV3zhec+A22S1Ow+ZB6k6xUs9oY=
github.com/aws/aws-sdk-go-v2/service/ecr v1.17.9 h1:9nU17hDiQCBptGMuCnx6UbN/RUGEDV+YOM+6W8i8zII=
github.com/aws/aws-sdk-go-v2/service/ecr v1.17.9/go.mod h1:fkIc4qe3SfQhPt/HAmDG7DJMjMBHElHV44axRyUSojA=
github.com/aws/aws-sdk-go-v2/service/ecs v1.18.12 h1:PWpVksq9WWpOM7SiWD4gaiPDwUm8K/rn4nxQkdkYRtw=
github.com/aws/aws-sdk-go-v2/service/ecs v1.18.12/go.mod h1:h1UvIIC+fPNj4PkuQ/o9QyRH0/vC+qlHRNGefwwYzv8=
github.com/aws/aws-sdk-go-v2/service/efs v1.17.7 h1:FfmUBdGQ5tuFIIIwjmvy/DeGvvW0myQVFToQjPjjtEQ=
github.com/aws/aws-sdk-go-v2/service/efs v1.17.7/go.mod h1:cCrmFuFfPmhBtdw5YD3IzqtrpytrOYDDNhIMwuNrXTU=
github.com/aws/aws-sdk-go-v2/service/elasticache v1.22.1 h1:ctpT3Cl9LCSnzfDsulH5kECwXLL0jMXAnjukWeIdSZ4=
github.com/aws/aws-sdk-go-v2/service/elasticache v1.22.1/go.mod h1:1Yuus60M9YJNgRxEYkfcAZs8NIyK2QAutQX2uYFbA+s=
github.com/aws/aws-sdk-go-v2/service/elasticbeanstalk v1.14.10 h1:lk6tCpTenM1Z+DTsc/UAB6dz2Rkdba1t1f9fwKwx8U4=
github.com/aws/aws-sdk-go-v2/service/elasticbeanstalk v1.14.10/go.mod h1:ztQZsh9Dd+shWQ1kWUexCIZ2GNe9WiAux6rN9UXifCI=
github.com/aws/aws-sdk-go-v2/service/elasticloadbalancingv2 v1.18.9 h1:ce76ovZsRsjqBEUHw/6sK1u3lMzrCi253ba1vaqBujQ=
github.com/aws/aws-sdk-go-v2/service/elasticloadbalancingv2 v1.18.9/go.mod h1:HCDI4POpmQJpQK4UaQMDEHd3FsqfdzV8YGCwpznWhak=
github.com/aws/aws-sdk-go-v2/service/eventbridge v1.16.6 h1:tgc4eVuzK+BWfg1poTuJeUDHX84XEgq+6H4mgJiyteo=
github.com/aws/aws-sdk-go-v2/service/eventbridge v1.16.6/go.mod h1:CemlylnP7Xb64HQetFXT5csbTAOpsLjWswXmRQsNwU0=
github.com/aws/aws-sdk-go-v2/service/internal/accept-encoding v1.9.3/go.mod h1:gkb2qADY+OHaGLKNTYxMaQNacfeyQpZ4csDTQMeFmcw=
github.com/aws/aws-sdk-go-v2/service/internal/accept-encoding v1.9.5 h1:g1ITJ9i9ixa+/WVggLNK20KyliAA8ltnuxfZEDfo2hM=
github.com/aws/aws-sdk-go-v2/service/internal/accept-encoding v1.9.5/go.mod h1:oehQLbMQkppKLXvpx/1Eo0X47Fe+0971DXC9UjGnKcI=
github.com/aws/aws-sdk-go-v2/service/internal/checksum v1.1.13 h1:3GamN8jcdz/a3nvL/ZVtoH/6xxeshfsiXj5O+6GW4Rg=
github.com/aws/aws-sdk-go-v2/service/internal/checksum v1.1.13/go.mod h1:89CSPn69UECDLVn0H6FwKNgbtirksl8C8i3aBeeeihw=
github.com/aws/aws-sdk-go-v2/service/internal/endpoint-discovery v1.7.9 h1:COsLtfmOSgPGnKUreE99/5pIgtmGLzmLtVrQa12QzU4=
github.com/aws/aws-sdk-go-v2/service/internal/endpoint-discovery v1.7.9/go.mod h1:IixPDVckNk0HhYDQwUmTonTAfQlfABg9E72whAbq5k0=
github.com/aws/aws-sdk-go-v2/service/internal/presigned-url v1.9.9/go.mod h1:yQowTpvdZkFVuHrLBXmczat4W+WJKg/PafBZnGBLga0=
github.com/aws/aws-sdk-go-v2/service/internal/presigned-url v1.9.12 h1:7iPTTX4SAI2U2VOogD7/gmHlsgnYSgoNHt7MSQXtG2M=
github.com/aws/aws-sdk-go-v2/service/internal/presigned-url v1.9.12/go.mod h1:1TODGhheLWjpQWSuhYuAUWYTCKwEjx2iblIFKDHjeTc=
github.com/aws/aws-sdk-go-v2/service/internal/s3shared v1.13.12 h1:QFjSOmHSb77qRTv7KI9UFon9X5wLWY5/M+6la3dTcZc=
github.com/aws/aws-sdk-go-v2/service/internal/s3shared v1.13.12/go.mod h1:MADjAN0GHFDuc5lRa5Y5ki+oIO/w7X4qczHy+OUx0IA=
github.com/aws/aws-sdk-go-v2/service/lambda v1.23.5 h1:/tq5WZODNF3juZkpTIIMfzeJx6c8kLk73SjTTvOAphY=
github.com/aws/aws-sdk-go-v2/service/lambda v1.23.5/go.mod h1:7YjiELsNgxpiMMG2KapRbAnOF1O+e1UnoLwARPNHKYc=
github.com/aws/aws-sdk-go-v2/service/qldb v1.14.10 h1:gYWskiRVWk92FglEpUunWWzK90B9FRy/gomRfp76Sx4=
github.com/aws/aws-sdk-go-v2/service/qldb v1.14.10/go.mod h1:qKUsJzfzrpo93mpxE6cNPS1tQh/ybZAM6c7kGmtLAIw=
github.com/aws/aws-sdk-go-v2/service/rds v1.23.2 h1:PiW9+dKNwnRCfpln8UukyBBOHhOGfS4NV0qkZQg+uPM=
github.com/aws/aws-sdk-go-v2/service/rds v1.23.2/go.mod h1:OiFKbn0c0/8hLpOLFg4P8Pw9bofLnuweWWqZPY7chBM=
github.com/aws/aws-sdk-go-v2/service/route53 v1.21.4 h1:HtvWh7F8YSnYiJdJtJDtBJRc9XSqrVfZTAtf/dZuQ4U=
github.com/aws/aws-sdk-go-v2/service/route53 v1.21.4/go.mod h1:Fe9BIP6rUcsB2ZjvNcKqrTT2Muj37/2e8K6wIanZTg0=
github.com/aws/aws-sdk-go-v2/service/s3 v1.27.5 h1:h9qqTedYnA9JcWjKyLV6UYIMSdp91ExLCUbjbpDLH7A=
github.com/aws/aws-sdk-go-v2/service/s3 v1.27.5/go.mod h1:J8SS5Tp/zeLxaubB0xGfKnVrvssNBNLwTipreTKLhjQ=
github.com/aws/aws-sdk-go-v2/service/sesv2 v1.13.10 h1:XVSX8xvS/upT7z8avWdnunsq+v43MtdxjHXWUSVqC+0=
github.com/aws/aws-sdk-go-v2/service/sesv2 v1.13.10/go.mod h1:cllSkGND3RtNjI46x4woc6PWwXN5hwPsi4hID+b+23A=
github.com/aws/aws-sdk-go-v2/service/sns v1.17.10 h1:ZZuqucIwjbUEJqxxR++VDZX9BcMbX5ZcQaKoWul/ELk=
github.com/aws/aws-sdk-go-v2/service/sns v1.17.10/go.mod h1:uITsRNVMeCB3MkWpXxXw0eDz8pW4TYLzj+eyQtbhSxM=
github.com/aws/aws-sdk-go-v2/service/sqs v1.19.1 h1:HaQD4g8eumwEW218TgQzhnwTXmq77ZogA67SxBnGyPc=
github.com/aws/aws-sdk-go-v2/service/sqs v1.19.1/go.mod h1:A94o564Gj+Yn+7QO1eLFeI7UVv3riy/YBFOfICVqFvU=
github.com/aws/aws-sdk-go-v2/service/sso v1.11.17 h1:pXxu9u2z1UqSbjO9YA8kmFJBhFc1EVTDaf7A+S+Ivq8=
github.com/aws/aws-sdk-go-v2/service/sso v1.11.17/go.mod h1:mS5xqLZc/6kc06IpXn5vRxdLaED+jEuaSRv5BxtnsiY=
github.com/aws/aws-sdk-go-v2/service/sts v1.16.13 h1:dl8T0PJlN92rvEGOEUiD0+YPYdPEaCZK0TqHukvSfII=
github.com/aws/aws-sdk-go-v2/service/sts v1.16.13/go.mod h1:Ru3QVMLygVs/07UQ3YDur1AQZZp2tUNje8wfloFttC0=
github.com/aws/smithy-go v1.12.0/go.mod h1:Tg+OJXh4MB2R/uN61Ko2f6hTZwB/ZYGOtib8J3gBHzA=
github.com/aws/smithy-go v1.12.1 h1:yQRC55aXN/y1W10HgwHle01DRuV9Dpf31iGkotjt3Ag=
github.com/aws/smithy-go v1.12.1/go.mod h1:Tg+OJXh4MB2R/uN61Ko2f6hTZwB/ZYGOtib8J3gBHzA=
github.com/davecgh/go-spew v1.1.0/go.mod h1:J7Y8YcW2NihsgmVo/mv3lAwl/skON4iLHjSsI+c5H38=
github.com/davecgh/go-spew v1.1.1 h1:vj9j/u1bqnvCEfJOwUhtlOARqs3+rkHYY13jYWTU97c=
github.com/google/go-cmp v0.5.8 h1:e6P7q2lk1O+qJJb4BtCQXlK8vWEO8V1ZeuEdJNOqZyg=
github.com/google/go-cmp v0.5.8/go.mod h1:17dUlkBOakJ0+DkrSSNjCkIjxS6bF9zb3elmeNGIjoY=
github.com/jmespath/go-jmespath v0.4.0 h1:BEgLn5cpjn8UN1mAw4NjwDrS35OdebyEtFe+9YPoQUg=
github.com/jmespath/go-jmespath v0.4.0/go.mod h1:T8mJZnbsbmF+m6zOOFylbeCJqk5+pHWvzYPziyZiYoo=
github.com/jmespath/go-jmespath/internal/testify v1.5.1 h1:shLQSRRSCCPj3f2gpwzGwWFoC7ycTf1rcQZHOlsJ6N8=
github.com/jmespath/go-jmespath/internal/testify v1.5.1/go.mod h1:L3OGu8Wl2/fWfCI6z80xFu9LTZmf1ZRjMHUOPmWr69U=
github.com/pmezard/go-difflib v1.0.0 h1:4DBwDE0NGyQoBHbLQYPwSUPoCMWR5BEzIk/f1lZbAQM=
github.com/pmezard/go-difflib v1.0.0/go.mod h1:iKH77koFhYxTK1pcRnkKkqfTogsbg7gZNVY4sRDYZ/4=
github.com/stretchr/objx v0.1.0/go.mod h1:HFkY916IF+rwdDfMAkV7OtwuqBVzrE8GR6GFx+wExME=
github.com/stretchr/testify v1.7.2 h1:4jaiDzPyXQvSd7D0EjG45355tLlV3VOECpq10pLC+8s=
gopkg.in/check.v1 v0.0.0-20161208181325-20d25e280405/go.mod h1:Co6ibVJAznAaIkqp8huTwlJQCZ016jof/cbN4VW5Yz0=
gopkg.in/yaml.v2 v2.2.8 h1:obN1ZagJSUGI0Ek/LBmuj4SNLPfIny3KsKFopxRdj10=
gopkg.in/yaml.v2 v2.2.8/go.mod h1:hI93XBmqTisBFMUTm0b8Fm+jr3Dg1NNxqwp+5A1VGuI=
gopkg.in/yaml.v3 v3.0.1 h1:fxVm/GzAzEWqLHuvctI91KS9hhNmmWOoWu0XTYJS7CA=
