github.com/aws/aws-sdk-go-v2 v1.16.7/go.mod h1:6CpKuLXg2w7If3ABZCl/qZ6rEgwtjZTn4eAf4RcEyuw=
github.com/aws/aws-sdk-go-v2 v1.16.8 h1:gOe9UPR98XSf7oEJCcojYg+N2/jCRm4DdeIsP85pIyQ=
github.com/aws/aws-sdk-go-v2 v1.16.8/go.mod h1:6CpKuLXg2w7If3ABZCl/qZ6rEgwtjZTn4eAf4RcEyuw=
github.com/aws/aws-sdk-go-v2/aws/protocol/eventstream v1.4.3 h1:S/ZBwevQkr7gv5YxONYpGQxlMFFYSRfz3RMcjsC9Qhk=
github.com/aws/aws-sdk-go-v2/aws/protocol/eventstream v1.4.3/go.mod h1:gNsR5CaXKmQSSzrmGxmwmct/r+ZBfbxorAuXYsj/M5Y=
github.com/aws/aws-sdk-go-v2/config v1.15.14 h1:+BqpqlydTq4c2et9Daury7gE+o67P4lbk7eybiCBNc4=
github.com/aws/aws-sdk-go-v2/config v1.15.14/go.mod h1:CQBv+VVv8rR5z2xE+Chdh5m+rFfsqeY4k0veEZeq6QM=
github.com/aws/aws-sdk-go-v2/credentials v1.12.9 h1:DloAJr0/jbvm0iVRFDFh8GlWxrOd9XKyX82U+dfVeZs=
github.com/aws/aws-sdk-go-v2/credentials v1.12.9/go.mod h1:2Vavxl1qqQXJ8MUcQZTsIEW8cwenFCWYXtLRPba3L/o=
github.com/aws/aws-sdk-go-v2/feature/ec2/imds v1.12.8 h1:VfBdn2AxwMbFyJN/lF/xuT3SakomJ86PZu3rCxb5K0s=
github.com/aws/aws-sdk-go-v2/feature/ec2/imds v1.12.8/go.mod h1:oL1Q3KuCq1D4NykQnIvtRiBGLUXhcpY5pl6QZB2XEPU=
github.com/aws/aws-sdk-go-v2/internal/configsources v1.1.14/go.mod h1:kdjrMwHwrC3+FsKhNcCMJ7tUVj/8uSD5CZXeQ4wV6fM=
github.com/aws/aws-sdk-go-v2/internal/configsources v1.1.15 h1:bx5F2mr6H6FC7zNIQoDoUr8wEKnvmwRncujT3FYRtic=
github.com/aws/aws-sdk-go-v2/internal/configsources v1.1.15/go.mod h1:pWrr2OoHlT7M/Pd2y4HV3gJyPb3qj5qMmnPkKSNPYK4=
github.com/aws/aws-sdk-go-v2/internal/endpoints/v2 v2.4.8/go.mod h1:ZIV8GYoC6WLBW5KGs+o4rsc65/ozd+eQ0L31XF5VDwk=
github.com/aws/aws-sdk-go-v2/internal/endpoints/v2 v2.4.9 h1:5sbyznZC2TeFpa4fvtpvpcGbzeXEEs1l1Jo51ynUNsQ=
github.com/aws/aws-sdk-go-v2/internal/endpoints/v2 v2.4.9/go.mod h1:08tUpeSGN33QKSO7fwxXczNfiwCpbj+GxK6XKwqWVv0=
github.com/aws/aws-sdk-go-v2/internal/ini v1.3.15 h1:QquxR7NH3ULBsKC+NoTpilzbKKS+5AELfNREInbhvas=
github.com/aws/aws-sdk-go-v2/internal/ini v1.3.15/go.mod h1:Tkrthp/0sNBShQQsamR7j/zY4p19tVTAs+nnqhH6R3c=
github.com/aws/aws-sdk-go-v2/internal/v4a v1.0.6 h1:3L8pcjvgaSOs0zzZcMKzxDSkYKEpwJ2dNVDdxm68jAY=
github.com/aws/aws-sdk-go-v2/internal/v4a v1.0.6/go.mod h1:O7Oc4peGZDEKlddivslfYFvAbgzvl/GH3J8j3JIGBXc=
github.com/aws/aws-sdk-go-v2/service/apigateway v1.15.11 h1:dLu3dF3ruiSZsG+in4ZzZWL3F7w4TeOX/F257qE2mT0=
github.com/aws/aws-sdk-go-v2/service/apigateway v1.15.11/go.mod h1:Hb+D/fjqxVd1jAkIjTZF8Cg540F3E4YK5Uu4unA3rS0=
github.com/aws/aws-sdk-go-v2/service/apigatewayv2 v1.12.9 h1:MkWoCyvIqAhaMO+LTSFag8s0wd6zV6Pd+X0urDKn2I8=
github.com/aws/aws-sdk-go-v2/service/apigatewayv2 v1.12.9/go.mod h1:Va1mvuuqN0pejuszzc1nMPAsqGbIqIxBowdXzPYR9Gw=
github.com/aws/aws-sdk-go-v2/service/cloudfront v1.18.5 h1:MWmwy+Py1HXLNILagezUP9JPEV4CS33tU8xTJR65vMY=
github.com/aws/aws-sdk-go-v2/service/cloudfront v1.18.5/go.mod h1:xi7heuDU7iKWmWhvGCpsEvBko0NylAm4cmiJoxJKv9w=
github.com/aws/aws-sdk-go-v2/service/cognitoidentityprovider v1.18.0 h1:28SBqwUeb5rtm3A/d4c1OmMS4uiJkfUgqPZZ96hGamw=
github.com/aws/aws-sdk-go-v2/service/cognitoidentityprovider v1.18.0/go.mod h1:aOBqe2KdUYLkRSVrR2qnzg8yJx39pxLY2i6im1+oPY0=
github.com/aws/aws-sdk-go-v2/service/dynamodb v1.15.10 h1:GLklbtMUQCToju09LyT+AjbwTQ0KCQudNLTA0H2xbBk=
github.com/aws/aws-sdk-go-v2/service/dynamodb v1.15.10/go.mod h1:zM5dQf0mZfcW4s8OsJFXvzedbY5n1rO581X4xei6XcA=
github.com/aws/aws-sdk-go-v2/service/ec2 v1.51.1 h1:y88XFO3AJWDVJ3HjcYc+Oo38fB948armdg6ulfphkUM=
github.com/aws/aws-sdk-go-v2/service/ec2 v1.51.1/go.mod h1:bKs78Qpk4syfUFXKhA0hIqT3X0sxmvIAPlEHV4qVbP0=
github.com/aws/aws-sdk-go-v2/service/ecr v1.17.9 h1:9nU17hDiQCBptGMuCnx6UbN/RUGEDV+YOM+6W8i8zII=
github.com/aws/aws-sdk-go-v2/service/ecr v1.17.9/go.mod h1:fkIc4qe3SfQhPt/HAmDG7DJMjMBHElHV44axRyUSojA=
github.com/aws/aws-sdk-go-v2/service/ecs v1.18.12 h1:PWpVksq9WWpOM7SiWD4gaiPDwUm8K/rn4nxQkdkYRtw=
github.com/aws/aws-sdk-go-v2/service/ecs v1.18.12/go.mod h1:h1UvIIC+fPNj4PkuQ/o9QyRH0/vC+qlHRNGefwwYzv8=
github.com/aws/aws-sdk-go-v2/service/efs v1.17.7 h1:FfmUBdGQ5tuFIIIwjmvy/DeGvvW0myQVFToQjPjjtEQ=
github.com/aws/aws-sdk-go-v2/service/efs v1.17.7/go.mod h1:cCrmFuFfPmhBtdw5YD3IzqtrpytrOYDDNhIMwuNrXTU=
github.com/aws/aws-sdk-go-v2/service/elasticache v1.22.1 h1:ctpT3Cl9LCSnzfDsulH5kECwXLL0jMXAnjukWeIdSZ4=
github.com/aws/aws-sdk-go-v2/service/elasticache v1.22.1/go.mod h1:1Yuus60M9YJNgRxEYkfcAZs8NIyK2QAutQX2uYFbA+s=
github.com/aws/aws-sdk-go-v2/service/elasticbeanstalk v1.14.10 h1:lk6tCpTenM1Z+DTsc/UAB6dz2Rkdba1t1f9fwKwx8U4=
github.com/aws/aws-sdk-go-v2/service/elasticbeanstalk v1.14.10/go.mod h1:ztQZsh9Dd+shWQ1kWUexCIZ2GNe9WiAux6rN9UXifCI=
github.com/aws/aws-sdk-go-v2/service/elasticloadbalancingv2 v1.18.9 h1:ce76ovZsRsjqBEUHw/6sK1u3lMzrCi253ba1vaqBujQ=
github.com/aws/aws-sdk-go-v2/service/elasticloadbalancingv2 v1.18.9/go.mod h1:HCDI4POpmQJpQK4UaQMDEHd3FsqfdzV8YGCwpznWhak=
github.com/aws/aws-sdk-go-v2/service/eventbridge v1.16.6 h1:tgc4eVuzK+BWfg1poTuJeUDHX84XEgq+6H4mgJiyteo=
github.com/aws/aws-sdk-go-v2/service/eventbridge v1.16.6/go.mod h1:CemlylnP7Xb64HQetFXT5csbTAOpsLjWswXmRQsNwU0=
github.com/aws/aws-sdk-go-v2/service/internal/accept-encoding v1.9.3 h1:4n4KCtv5SUoT5Er5XV41huuzrCqepxlW3SDI9qHQebc=
github.com/aws/aws-sdk-go-v2/service/internal/accept-encoding v1.9.3/go.mod h1:gkb2qADY+OHaGLKNTYxMaQNacfeyQpZ4csDTQMeFmcw=
github.com/aws/aws-sdk-go-v2/service/internal/checksum v1.1.10 h1:7LJcuRalaLw+GYQTMGmVUl4opg2HrDZkvn/L3KvIQfw=
github.com/aws/aws-sdk-go-v2/service/internal/checksum v1.1.10/go.mod h1:Qks+dxK3O+Z2deAhNo6cJ8ls1bam3tUGUAcgxQP1c70=
github.com/aws/aws-sdk-go-v2/service/internal/endpoint-discovery v1.7.9 h1:COsLtfmOSgPGnKUreE99/5pIgtmGLzmLtVrQa12QzU4=
github.com/aws/aws-sdk-go-v2/service/internal/endpoint-discovery v1.7.9/go.mod h1:IixPDVckNk0HhYDQwUmTonTAfQlfABg9E72whAbq5k0=
github.com/aws/aws-sdk-go-v2/service/internal/presigned-url v1.9.8/go.mod h1:rDVhIMAX9N2r8nWxDUlbubvvaFMnfsm+3jAV7q+rpM4=
github.com/aws/aws-sdk-go-v2/service/internal/presigned-url v1.9.9 h1:sHfDuhbOuuWSIAEDd3pma6p0JgUcR2iePxtCE8gfCxQ=
github.com/aws/aws-sdk-go-v2/service/internal/presigned-url v1.9.9/go.mod h1:yQowTpvdZkFVuHrLBXmczat4W+WJKg/PafBZnGBLga0=
github.com/aws/aws-sdk-go-v2/service/internal/s3shared v1.13.9 h1:sJdKvydGYDML9LTFcp6qq6Z5fIjN0Rdq2Gvw1hUg8tc=
github.com/aws/aws-sdk-go-v2/service/internal/s3shared v1.13.9/go.mod h1:Rc5+wn2k8gFSi3V1Ch4mhxOzjMh+bYSXVFfVaqowQOY=
github.com/aws/aws-sdk-go-v2/service/lambda v1.23.5 h1:/tq5WZODNF3juZkpTIIMfzeJx6c8kLk73SjTTvOAphY=
github.com/aws/aws-sdk-go-v2/service/lambda v1.23.5/go.mod h1:7YjiELsNgxpiMMG2KapRbAnOF1O+e1UnoLwARPNHKYc=
github.com/aws/aws-sdk-go-v2/service/qldb v1.14.10 h1:gYWskiRVWk92FglEpUunWWzK90B9FRy/gomRfp76Sx4=
github.com/aws/aws-sdk-go-v2/service/qldb v1.14.10/go.mod h1:qKUsJzfzrpo93mpxE6cNPS1tQh/ybZAM6c7kGmtLAIw=
github.com/aws/aws-sdk-go-v2/service/rds v1.23.2 h1:PiW9+dKNwnRCfpln8UukyBBOHhOGfS4NV0qkZQg+uPM=
github.com/aws/aws-sdk-go-v2/service/rds v1.23.2/go.mod h1:OiFKbn0c0/8hLpOLFg4P8Pw9bofLnuweWWqZPY7chBM=
github.com/aws/aws-sdk-go-v2/service/route53 v1.21.4 h1:HtvWh7F8YSnYiJdJtJDtBJRc9XSqrVfZTAtf/dZuQ4U=
github.com/aws/aws-sdk-go-v2/service/route53 v1.21.4/go.mod h1:Fe9BIP6rUcsB2ZjvNcKqrTT2Muj37/2e8K6wIanZTg0=
github.com/aws/aws-sdk-go-v2/service/s3 v1.27.2 h1:NvzGue25jKnuAsh6yQ+TZ4ResMcnp49AWgWGm2L4b5o=
github.com/aws/aws-sdk-go-v2/service/s3 v1.27.2/go.mod h1:u+566cosFI+d+motIz3USXEh6sN8Nq4GrNXSg2RXVMo=
github.com/aws/aws-sdk-go-v2/service/sesv2 v1.13.10 h1:XVSX8xvS/upT7z8avWdnunsq+v43MtdxjHXWUSVqC+0=
github.com/aws/aws-sdk-go-v2/service/sesv2 v1.13.10/go.mod h1:cllSkGND3RtNjI46x4woc6PWwXN5hwPsi4hID+b+23A=
github.com/aws/aws-sdk-go-v2/service/sns v1.17.10 h1:ZZuqucIwjbUEJqxxR++VDZX9BcMbX5ZcQaKoWul/ELk=
github.com/aws/aws-sdk-go-v2/service/sns v1.17.10/go.mod h1:uITsRNVMeCB3MkWpXxXw0eDz8pW4TYLzj+eyQtbhSxM=
github.com/aws/aws-sdk-go-v2/service/sqs v1.19.1 h1:HaQD4g8eumwEW218TgQzhnwTXmq77ZogA67SxBnGyPc=
github.com/aws/aws-sdk-go-v2/service/sqs v1.19.1/go.mod h1:A94o564Gj+Yn+7QO1eLFeI7UVv3riy/YBFOfICVqFvU=
github.com/aws/aws-sdk-go-v2/service/sso v1.11.12 h1:760bUnTX/+d693FT6T6Oa7PZHfEQT9XMFZeM5IQIB0A=
github.com/aws/aws-sdk-go-v2/service/sso v1.11.12/go.mod h1:MO4qguFjs3wPGcCSpQ7kOFTwRvb+eu+fn+1vKleGHUk=
github.com/aws/aws-sdk-go-v2/service/sts v1.16.9 h1:yOfILxyjmtr2ubRkRJldlHDFBhf5vw4CzhbwWIBmimQ=
github.com/aws/aws-sdk-go-v2/service/sts v1.16.9/go.mod h1:O1IvkYxr+39hRf960Us6j0x1P8pDqhTX+oXM5kQNl/Y=
github.com/aws/smithy-go v1.12.0 h1:gXpeZel/jPoWQ7OEmLIgCUnhkFftqNfwWUwAHSlp1v0=
github.com/aws/smithy-go v1.12.0/go.mod h1:Tg+OJXh4MB2R/uN61Ko2f6hTZwB/ZYGOtib8J3gBHzA=
github.com/davecgh/go-spew v1.1.0 h1:ZDRjVQ15GmhC3fiQ8ni8+OwkZQO4DARzQgrnXU1Liz8=
github.com/davecgh/go-spew v1.1.0/go.mod h1:J7Y8YcW2NihsgmVo/mv3lAwl/skON4iLHjSsI+c5H38=
github.com/google/go-cmp v0.5.8 h1:e6P7q2lk1O+qJJb4BtCQXlK8vWEO8V1ZeuEdJNOqZyg=
github.com/google/go-cmp v0.5.8/go.mod h1:17dUlkBOakJ0+DkrSSNjCkIjxS6bF9zb3elmeNGIjoY=
github.com/jmespath/go-jmespath v0.4.0 h1:BEgLn5cpjn8UN1mAw4NjwDrS35OdebyEtFe+9YPoQUg=
github.com/jmespath/go-jmespath v0.4.0/go.mod h1:T8mJZnbsbmF+m6zOOFylbeCJqk5+pHWvzYPziyZiYoo=
github.com/jmespath/go-jmespath/internal/testify v1.5.1 h1:shLQSRRSCCPj3f2gpwzGwWFoC7ycTf1rcQZHOlsJ6N8=
github.com/jmespath/go-jmespath/internal/testify v1.5.1/go.mod h1:L3OGu8Wl2/fWfCI6z80xFu9LTZmf1ZRjMHUOPmWr69U=
github.com/pmezard/go-difflib v1.0.0 h1:4DBwDE0NGyQoBHbLQYPwSUPoCMWR5BEzIk/f1lZbAQM=
github.com/pmezard/go-difflib v1.0.0/go.mod h1:iKH77koFhYxTK1pcRnkKkqfTogsbg7gZNVY4sRDYZ/4=
github.com/stretchr/objx v0.1.0/go.mod h1:HFkY916IF+rwdDfMAkV7OtwuqBVzrE8GR6GFx+wExME=
gopkg.in/check.v1 v0.0.0-20161208181325-20d25e280405/go.mod h1:Co6ibVJAznAaIkqp8huTwlJQCZ016jof/cbN4VW5Yz0=
gopkg.in/yaml.v2 v2.2.8 h1:obN1ZagJSUGI0Ek/LBmuj4SNLPfIny3KsKFopxRdj10=
gopkg.in/yaml.v2 v2.2.8/go.mod h1:hI93XBmqTisBFMUTm0b8Fm+jr3Dg1NNxqwp+5A1VGuI=
